dependencies:
- name: backend
  repository: file://charts/backend
  version: 0.1.0
- name: frontend
  repository: file://charts/frontend
  version: 0.1.0
- name: monitoring
  repository: file://charts/monitoring
  version: 0.1.0
digest: sha256:ad21bbe56fe34c577ae22bf90e1f907598aa5b05edab8f4903c55ecbb80a5215
generated: "2026-01-15T21:59:44.478981462+09:00"
